
Microsoft Visual Studio Solution File, Format Version 12.00
# Visual Studio Version 16
VisualStudioVersion = 16.0.29613.14
MinimumVisualStudioVersion = 10.0.40219.1
Project("{9A19103F-16F7-4668-BE54-9A1E7A4F7556}") = "LeaveManagement", "LeaveManagement\LeaveManagement.csproj", "{F820F058-3852-4441-BBB7-815F5FC26E52}"
EndProject
Global
	GlobalSection(SolutionConfigurationPlatforms) = preSolution
		Debug|Any CPU = Debug|Any CPU
		Release|Any CPU = Release|Any CPU
	EndGlobalSection
	GlobalSection(ProjectConfigurationPlatforms) = postSolution
		{F820F058-3852-4441-BBB7-815F5FC26E52}.Debug|Any CPU.ActiveCfg = Debug|Any CPU
		{F820F058-3852-4441-BBB7-815F5FC26E52}.Debug|Any CPU.Build.0 = Debug|Any CPU
		{F820F058-3852-4441-BBB7-815F5FC26E52}.Release|Any CPU.ActiveCfg = Release|Any CPU
		{F820F058-3852-4441-BBB7-815F5FC26E52}.Release|Any CPU.Build.0 = Release|Any CPU
	EndGlobalSection
	GlobalSection(SolutionProperties) = preSolution
		HideSolutionNode = FALSE
	EndGlobalSection
	GlobalSection(ExtensibilityGlobals) = postSolution
		SolutionGuid = {234B6683-4EA8-4A8C-8770-1BE3B051645B}
	EndGlobalSection
EndGlobal
